
Microsoft Visual Studio Solution File, Format Version 12.00
# Visual Studio Version 16
VisualStudioVersion = 16.0.29209.62
MinimumVisualStudioVersion = 10.0.40219.1
Project("{FAE04EC0-301F-11D3-BF4B-00C04F79EFBC}") = "calculadoraForm", "calculadoraForm.csproj", "{B702803E-7B69-4962-A221-2A5D0250A5C8}"
EndProject
Global
	GlobalSection(SolutionConfigurationPlatforms) = preSolution
		Debug|Any CPU = Debug|Any CPU
		Release|Any CPU = Release|Any CPU
	EndGlobalSection
	GlobalSection(ProjectConfigurationPlatforms) = postSolution
		{B702803E-7B69-4962-A221-2A5D0250A5C8}.Debug|Any CPU.ActiveCfg = Debug|Any CPU
		{B702803E-7B69-4962-A221-2A5D0250A5C8}.Debug|Any CPU.Build.0 = Debug|Any CPU
		{B702803E-7B69-4962-A221-2A5D0250A5C8}.Release|Any CPU.ActiveCfg = Release|Any CPU
		{B702803E-7B69-4962-A221-2A5D0250A5C8}.Release|Any CPU.Build.0 = Release|Any CPU
	EndGlobalSection
	GlobalSection(SolutionProperties) = preSolution
		HideSolutionNode = FALSE
	EndGlobalSection
	GlobalSection(ExtensibilityGlobals) = postSolution
		SolutionGuid = {335548CE-4675-4775-84CC-E0AB3B4565EE}
	EndGlobalSection
EndGlobal
